
Microsoft Visual Studio Solution File, Format Version 12.00
# Visual Studio Version 17
VisualStudioVersion = 17.12.35707.178
MinimumVisualStudioVersion = 10.0.40219.1
Project("{FAE04EC0-301F-11D3-BF4B-00C04F79EFBC}") = "EmployeeManagementSystem", "EmployeeManagementSystem\EmployeeManagementSystem.csproj", "{12BD7333-C288-4084-981C-05465939560D}"
EndProject
Project("{2150E333-8FDC-42A3-9474-1A3956D46DE8}") = "Solution Items", "Solution Items", "{F6573E5E-36D4-4C3B-B8D5-99D939D87E55}"
	ProjectSection(SolutionItems) = preProject
		README.md = README.md
	EndProjectSection
EndProject
Project("{FAE04EC0-301F-11D3-BF4B-00C04F79EFBC}") = "ApplicationServiceController", "ApplicationServiceController\ApplicationServiceController.csproj", "{5A6587CA-05C0-4D53-B997-5DA428D22914}"
EndProject
Global
	GlobalSection(SolutionConfigurationPlatforms) = preSolution
		Debug|Any CPU = Debug|Any CPU
		Release|Any CPU = Release|Any CPU
	EndGlobalSection
	GlobalSection(ProjectConfigurationPlatforms) = postSolution
		{12BD7333-C288-4084-981C-05465939560D}.Debug|Any CPU.ActiveCfg = Debug|Any CPU
		{12BD7333-C288-4084-981C-05465939560D}.Debug|Any CPU.Build.0 = Debug|Any CPU
		{12BD7333-C288-4084-981C-05465939560D}.Release|Any CPU.ActiveCfg = Release|Any CPU
		{12BD7333-C288-4084-981C-05465939560D}.Release|Any CPU.Build.0 = Release|Any CPU
		{5A6587CA-05C0-4D53-B997-5DA428D22914}.Debug|Any CPU.ActiveCfg = Debug|Any CPU
		{5A6587CA-05C0-4D53-B997-5DA428D22914}.Debug|Any CPU.Build.0 = Debug|Any CPU
		{5A6587CA-05C0-4D53-B997-5DA428D22914}.Release|Any CPU.ActiveCfg = Release|Any CPU
		{5A6587CA-05C0-4D53-B997-5DA428D22914}.Release|Any CPU.Build.0 = Release|Any CPU
	EndGlobalSection
	GlobalSection(SolutionProperties) = preSolution
		HideSolutionNode = FALSE
	EndGlobalSection
EndGlobal
